// !$*UTF8*$!
{
	archiveVersion = 1;
	classes = {
	};
	objectVersion = 46;
	objects = {

/* Begin PBXBuildFile section */
		EAB9F26C195093A9008141D3 /* Foundation.framework in Frameworks */ = {isa = PBXBuildFile; fileRef = EAB9F26B195093A9008141D3 /* Foundation.framework */; };
		EAB9F26E195093A9008141D3 /* CoreGraphics.framework in Frameworks */ = {isa = PBXBuildFile; fileRef = EAB9F26D195093A9008141D3 /* CoreGraphics.framework */; };
		EAB9F270195093A9008141D3 /* UIKit.framework in Frameworks */ = {isa = PBXBuildFile; fileRef = EAB9F26F195093A9008141D3 /* UIKit.framework */; };
		EAB9F276195093A9008141D3 /* InfoPlist.strings in Resources */ = {isa = PBXBuildFile; fileRef = EAB9F274195093A9008141D3 /* InfoPlist.strings */; };
		EAB9F278195093A9008141D3 /* main.m in Sources */ = {isa = PBXBuildFile; fileRef = EAB9F277195093A9008141D3 /* main.m */; };
		EAB9F27C195093A9008141D3 /* SCLAppDelegate.m in Sources */ = {isa = PBXBuildFile; fileRef = EAB9F27B195093A9008141D3 /* SCLAppDelegate.m */; };
		EAB9F27F195093A9008141D3 /* Main_iPhone.storyboard in Resources */ = {isa = PBXBuildFile; fileRef = EAB9F27D195093A9008141D3 /* Main_iPhone.storyboard */; };
		EAB9F282195093A9008141D3 /* Main_iPad.storyboard in Resources */ = {isa = PBXBuildFile; fileRef = EAB9F280195093A9008141D3 /* Main_iPad.storyboard */; };
		EAB9F285195093A9008141D3 /* SCLViewController.m in Sources */ = {isa = PBXBuildFile; fileRef = EAB9F284195093A9008141D3 /* SCLViewController.m */; };
		EAB9F287195093A9008141D3 /* Images.xcassets in Resources */ = {isa = PBXBuildFile; fileRef = EAB9F286195093A9008141D3 /* Images.xcassets */; };
		EAB9F28E195093AA008141D3 /* XCTest.framework in Frameworks */ = {isa = PBXBuildFile; fileRef = EAB9F28D195093AA008141D3 /* XCTest.framework */; };
		EAB9F28F195093AA008141D3 /* Foundation.framework in Frameworks */ = {isa = PBXBuildFile; fileRef = EAB9F26B195093A9008141D3 /* Foundation.framework */; };
		EAB9F290195093AA008141D3 /* UIKit.framework in Frameworks */ = {isa = PBXBuildFile; fileRef = EAB9F26F195093A9008141D3 /* UIKit.framework */; };
		EAB9F298195093AA008141D3 /* InfoPlist.strings in Resources */ = {isa = PBXBuildFile; fileRef = EAB9F296195093AA008141D3 /* InfoPlist.strings */; };
		EAB9F29A195093AA008141D3 /* SecondLectureTests.m in Sources */ = {isa = PBXBuildFile; fileRef = EAB9F299195093AA008141D3 /* SecondLectureTests.m */; };
/* End PBXBuildFile section */

/* Begin PBXContainerItemProxy section */
		EAB9F291195093AA008141D3 /* PBXContainerItemProxy */ = {
			isa = PBXContainerItemProxy;
			containerPortal = EAB9F260195093A9008141D3 /* Project object */;
			proxyType = 1;
			remoteGlobalIDString = EAB9F267195093A9008141D3;
			remoteInfo = SecondLecture;
		};
/* End PBXContainerItemProxy section */

/* Begin PBXFileReference section */
		EAB9F268195093A9008141D3 /* SecondLecture.app */ = {isa = PBXFileReference; explicitFileType = wrapper.application; includeInIndex = 0; path = SecondLecture.app; sourceTree = BUILT_PRODUCTS_DIR; };
		EAB9F26B195093A9008141D3 /* Foundation.framework */ = {isa = PBXFileReference; lastKnownFileType = wrapper.framework; name = Foundation.framework; path = System/Library/Frameworks/Foundation.framework; sourceTree = SDKROOT; };
		EAB9F26D195093A9008141D3 /* CoreGraphics.framework */ = {isa = PBXFileReference; lastKnownFileType = wrapper.framework; name = CoreGraphics.framework; path = System/Library/Frameworks/CoreGraphics.framework; sourceTree = SDKROOT; };
		EAB9F26F195093A9008141D3 /* UIKit.framework */ = {isa = PBXFileReference; lastKnownFileType = wrapper.framework; name = UIKit.framework; path = System/Library/Frameworks/UIKit.framework; sourceTree = SDKROOT; };
		EAB9F273195093A9008141D3 /* SecondLecture-Info.plist */ = {isa = PBXFileReference; lastKnownFileType = text.plist.xml; path = "SecondLecture-Info.plist"; sourceTree = "<group>"; };
		EAB9F275195093A9008141D3 /* en */ = {isa = PBXFileReference; lastKnownFileType = text.plist.strings; name = en; path = en.lproj/InfoPlist.strings; sourceTree = "<group>"; };
		EAB9F277195093A9008141D3 /* main.m */ = {isa = PBXFileReference; lastKnownFileType = sourcecode.c.objc; path = main.m; sourceTree = "<group>"; };
		EAB9F279195093A9008141D3 /* SecondLecture-Prefix.pch */ = {isa = PBXFileReference; lastKnownFileType = sourcecode.c.h; path = "SecondLecture-Prefix.pch"; sourceTree = "<group>"; };
		EAB9F27A195093A9008141D3 /* SCLAppDelegate.h */ = {isa = PBXFileReference; lastKnownFileType = sourcecode.c.h; path = SCLAppDelegate.h; sourceTree = "<group>"; };
		EAB9F27B195093A9008141D3 /* SCLAppDelegate.m */ = {isa = PBXFileReference; lastKnownFileType = sourcecode.c.objc; path = SCLAppDelegate.m; sourceTree = "<group>"; };
		EAB9F27E195093A9008141D3 /* Base */ = {isa = PBXFileReference; lastKnownFileType = file.storyboard; name = Base; path = Base.lproj/Main_iPhone.storyboard; sourceTree = "<group>"; };
		EAB9F281195093A9008141D3 /* Base */ = {isa = PBXFileReference; lastKnownFileType = file.storyboard; name = Base; path = Base.lproj/Main_iPad.storyboard; sourceTree = "<group>"; };
		EAB9F283195093A9008141D3 /* SCLViewController.h */ = {isa = PBXFileReference; lastKnownFileType = sourcecode.c.h; path = SCLViewController.h; sourceTree = "<group>"; };
		EAB9F284195093A9008141D3 /* SCLViewController.m */ = {isa = PBXFileReference; lastKnownFileType = sourcecode.c.objc; path = SCLViewController.m; sourceTree = "<group>"; };
		EAB9F286195093A9008141D3 /* Images.xcassets */ = {isa = PBXFileReference; lastKnownFileType = folder.assetcatalog; path = Images.xcassets; sourceTree = "<group>"; };
		EAB9F28C195093AA008141D3 /* SecondLectureTests.xctest */ = {isa = PBXFileReference; explicitFileType = wrapper.cfbundle; includeInIndex = 0; path = SecondLectureTests.xctest; sourceTree = BUILT_PRODUCTS_DIR; };
		EAB9F28D195093AA008141D3 /* XCTest.framework */ = {isa = PBXFileReference; lastKnownFileType = wrapper.framework; name = XCTest.framework; path = Library/Frameworks/XCTest.framework; sourceTree = DEVELOPER_DIR; };
		EAB9F295195093AA008141D3 /* SecondLectureTests-Info.plist */ = {isa = PBXFileReference; lastKnownFileType = text.plist.xml; path = "SecondLectureTests-Info.plist"; sourceTree = "<group>"; };
		EAB9F297195093AA008141D3 /* en */ = {isa = PBXFileReference; lastKnownFileType = text.plist.strings; name = en; path = en.lproj/InfoPlist.strings; sourceTree = "<group>"; };
		EAB9F299195093AA008141D3 /* SecondLectureTests.m */ = {isa = PBXFileReference; lastKnownFileType = sourcecode.c.objc; path = SecondLectureTests.m; sourceTree = "<group>"; };
/* End PBXFileReference section */

/* Begin PBXFrameworksBuildPhase section */
		EAB9F265195093A9008141D3 /* Frameworks */ = {
			isa = PBXFrameworksBuildPhase;
			buildActionMask = 2147483647;
			files = (
				EAB9F26E195093A9008141D3 /* CoreGraphics.framework in Frameworks */,
				EAB9F270195093A9008141D3 /* UIKit.framework in Frameworks */,
				EAB9F26C195093A9008141D3 /* Foundation.framework in Frameworks */,
			);
			runOnlyForDeploymentPostprocessing = 0;
		};
		EAB9F289195093AA008141D3 /* Frameworks */ = {
			isa = PBXFrameworksBuildPhase;
			buildActionMask = 2147483647;
			files = (
				EAB9F28E195093AA008141D3 /* XCTest.framework in Frameworks */,
				EAB9F290195093AA008141D3 /* UIKit.framework in Frameworks */,
				EAB9F28F195093AA008141D3 /* Foundation.framework in Frameworks */,
			);
			runOnlyForDeploymentPostprocessing = 0;
		};
/* End PBXFrameworksBuildPhase section */

/* Begin PBXGroup section */
		EAB9F25F195093A9008141D3 = {
			isa = PBXGroup;
			children = (
				EAB9F271195093A9008141D3 /* SecondLecture */,
				EAB9F293195093AA008141D3 /* SecondLectureTests */,
				EAB9F26A195093A9008141D3 /* Frameworks */,
				EAB9F269195093A9008141D3 /* Products */,
			);
			sourceTree = "<group>";
		};
		EAB9F269195093A9008141D3 /* Products */ = {
			isa = PBXGroup;
			children = (
				EAB9F268195093A9008141D3 /* SecondLecture.app */,
				EAB9F28C195093AA008141D3 /* SecondLectureTests.xctest */,
			);
			name = Products;
			sourceTree = "<group>";
		};
		EAB9F26A195093A9008141D3 /* Frameworks */ = {
			isa = PBXGroup;
			children = (
				EAB9F26B195093A9008141D3 /* Foundation.framework */,
				EAB9F26D195093A9008141D3 /* CoreGraphics.framework */,
				EAB9F26F195093A9008141D3 /* UIKit.framework */,
				EAB9F28D195093AA008141D3 /* XCTest.framework */,
			);
			name = Frameworks;
			sourceTree = "<group>";
		};
		EAB9F271195093A9008141D3 /* SecondLecture */ = {
			isa = PBXGroup;
			children = (
				EAB9F27A195093A9008141D3 /* SCLAppDelegate.h */,
				EAB9F27B195093A9008141D3 /* SCLAppDelegate.m */,
				EAB9F27D195093A9008141D3 /* Main_iPhone.storyboard */,
				EAB9F280195093A9008141D3 /* Main_iPad.storyboard */,
				EAB9F283195093A9008141D3 /* SCLViewController.h */,
				EAB9F284195093A9008141D3 /* SCLViewController.m */,
				EAB9F286195093A9008141D3 /* Images.xcassets */,
				EAB9F272195093A9008141D3 /* Supporting Files */,
			);
			path = SecondLecture;
			sourceTree = "<group>";
		};
		EAB9F272195093A9008141D3 /* Supporting Files */ = {
			isa = PBXGroup;
			children = (
				EAB9F273195093A9008141D3 /* SecondLecture-Info.plist */,
				EAB9F274195093A9008141D3 /* InfoPlist.strings */,
				EAB9F277195093A9008141D3 /* main.m */,
				EAB9F279195093A9008141D3 /* SecondLecture-Prefix.pch */,
			);
			name = "Supporting Files";
			sourceTree = "<group>";
		};
		EAB9F293195093AA008141D3 /* SecondLectureTests */ = {
			isa = PBXGroup;
			children = (
				EAB9F299195093AA008141D3 /* SecondLectureTests.m */,
				EAB9F294195093AA008141D3 /* Supporting Files */,
			);
			path = SecondLectureTests;
			sourceTree = "<group>";
		};
		EAB9F294195093AA008141D3 /* Supporting Files */ = {
			isa = PBXGroup;
			children = (
				EAB9F295195093AA008141D3 /* SecondLectureTests-Info.plist */,
				EAB9F296195093AA008141D3 /* InfoPlist.strings */,
			);
			name = "Supporting Files";
			sourceTree = "<group>";
		};
/* End PBXGroup section */

/* Begin PBXNativeTarget section */
		EAB9F267195093A9008141D3 /* SecondLecture */ = {
			isa = PBXNativeTarget;
			buildConfigurationList = EAB9F29D195093AA008141D3 /* Build configuration list for PBXNativeTarget "SecondLecture" */;
			buildPhases = (
				EAB9F264195093A9008141D3 /* Sources */,
				EAB9F265195093A9008141D3 /* Frameworks */,
				EAB9F266195093A9008141D3 /* Resources */,
			);
			buildRules = (
			);
			dependencies = (
			);
			name = SecondLecture;
			productName = SecondLecture;
			productReference = EAB9F268195093A9008141D3 /* SecondLecture.app */;
			productType = "com.apple.product-type.application";
		};
		EAB9F28B195093AA008141D3 /* SecondLectureTests */ = {
			isa = PBXNativeTarget;
			buildConfigurationList = EAB9F2A0195093AA008141D3 /* Build configuration list for PBXNativeTarget "SecondLectureTests" */;
			buildPhases = (
				EAB9F288195093AA008141D3 /* Sources */,
				EAB9F289195093AA008141D3 /* Frameworks */,
				EAB9F28A195093AA008141D3 /* Resources */,
			);
			buildRules = (
			);
			dependencies = (
				EAB9F292195093AA008141D3 /* PBXTargetDependency */,
			);
			name = SecondLectureTests;
			productName = SecondLectureTests;
			productReference = EAB9F28C195093AA008141D3 /* SecondLectureTests.xctest */;
			productType = "com.apple.product-type.bundle.unit-test";
		};
/* End PBXNativeTarget section */

/* Begin PBXProject section */
		EAB9F260195093A9008141D3 /* Project object */ = {
			isa = PBXProject;
			attributes = {
				CLASSPREFIX = SCL;
				LastUpgradeCheck = 0510;
				ORGANIZATIONNAME = "Sapa Denys";
				TargetAttributes = {
					EAB9F28B195093AA008141D3 = {
						TestTargetID = EAB9F267195093A9008141D3;
					};
				};
			};
			buildConfigurationList = EAB9F263195093A9008141D3 /* Build configuration list for PBXProject "SecondLecture" */;
			compatibilityVersion = "Xcode 3.2";
			developmentRegion = English;
			hasScannedForEncodings = 0;
			knownRegions = (
				en,
				Base,
			);
			mainGroup = EAB9F25F195093A9008141D3;
			productRefGroup = EAB9F269195093A9008141D3 /* Products */;
			projectDirPath = "";
			projectRoot = "";
			targets = (
				EAB9F267195093A9008141D3 /* SecondLecture */,
				EAB9F28B195093AA008141D3 /* SecondLectureTests */,
			);
		};
/* End PBXProject section */

/* Begin PBXResourcesBuildPhase section */
		EAB9F266195093A9008141D3 /* Resources */ = {
			isa = PBXResourcesBuildPhase;
			buildActionMask = 2147483647;
			files = (
				EAB9F282195093A9008141D3 /* Main_iPad.storyboard in Resources */,
				EAB9F287195093A9008141D3 /* Images.xcassets in Resources */,
				EAB9F27F195093A9008141D3 /* Main_iPhone.storyboard in Resources */,
				EAB9F276195093A9008141D3 /* InfoPlist.strings in Resources */,
			);
			runOnlyForDeploymentPostprocessing = 0;
		};
		EAB9F28A195093AA008141D3 /* Resources */ = {
			isa = PBXResourcesBuildPhase;
			buildActionMask = 2147483647;
			files = (
				EAB9F298195093AA008141D3 /* InfoPlist.strings in Resources */,
			);
			runOnlyForDeploymentPostprocessing = 0;
		};
/* End PBXResourcesBuildPhase section */

/* Begin PBXSourcesBuildPhase section */
		EAB9F264195093A9008141D3 /* Sources */ = {
			isa = PBXSourcesBuildPhase;
			buildActionMask = 2147483647;
			files = (
				EAB9F285195093A9008141D3 /* SCLViewController.m in Sources */,
				EAB9F278195093A9008141D3 /* main.m in Sources */,
				EAB9F27C195093A9008141D3 /* SCLAppDelegate.m in Sources */,
			);
			runOnlyForDeploymentPostprocessing = 0;
		};
		EAB9F288195093AA008141D3 /* Sources */ = {
			isa = PBXSourcesBuildPhase;
			buildActionMask = 2147483647;
			files = (
				EAB9F29A195093AA008141D3 /* SecondLectureTests.m in Sources */,
			);
			runOnlyForDeploymentPostprocessing = 0;
		};
/* End PBXSourcesBuildPhase section */

/* Begin PBXTargetDependency section */
		EAB9F292195093AA008141D3 /* PBXTargetDependency */ = {
			isa = PBXTargetDependency;
			target = EAB9F267195093A9008141D3 /* SecondLecture */;
			targetProxy = EAB9F291195093AA008141D3 /* PBXContainerItemProxy */;
		};
/* End PBXTargetDependency section */

/* Begin PBXVariantGroup section */
		EAB9F274195093A9008141D3 /* InfoPlist.strings */ = {
			isa = PBXVariantGroup;
			children = (
				EAB9F275195093A9008141D3 /* en */,
			);
			name = InfoPlist.strings;
			sourceTree = "<group>";
		};
		EAB9F27D195093A9008141D3 /* Main_iPhone.storyboard */ = {
			isa = PBXVariantGroup;
			children = (
				EAB9F27E195093A9008141D3 /* Base */,
			);
			name = Main_iPhone.storyboard;
			sourceTree = "<group>";
		};
		EAB9F280195093A9008141D3 /* Main_iPad.storyboard */ = {
			isa = PBXVariantGroup;
			children = (
				EAB9F281195093A9008141D3 /* Base */,
			);
			name = Main_iPad.storyboard;
			sourceTree = "<group>";
		};
		EAB9F296195093AA008141D3 /* InfoPlist.strings */ = {
			isa = PBXVariantGroup;
			children = (
				EAB9F297195093AA008141D3 /* en */,
			);
			name = InfoPlist.strings;
			sourceTree = "<group>";
		};
/* End PBXVariantGroup section */

/* Begin XCBuildConfiguration section */
		EAB9F29B195093AA008141D3 /* Debug */ = {
			isa = XCBuildConfiguration;
			buildSettings = {
				ALWAYS_SEARCH_USER_PATHS = NO;
				CLANG_CXX_LANGUAGE_STANDARD = "gnu++0x";
				CLANG_CXX_LIBRARY = "libc++";
				CLANG_ENABLE_MODULES = YES;
				CLANG_ENABLE_OBJC_ARC = YES;
				CLANG_WARN_BOOL_CONVERSION = YES;
				CLANG_WARN_CONSTANT_CONVERSION = YES;
				CLANG_WARN_DIRECT_OBJC_ISA_USAGE = YES_ERROR;
				CLANG_WARN_EMPTY_BODY = YES;
				CLANG_WARN_ENUM_CONVERSION = YES;
				CLANG_WARN_INT_CONVERSION = YES;
				CLANG_WARN_OBJC_ROOT_CLASS = YES_ERROR;
				CLANG_WARN__DUPLICATE_METHOD_MATCH = YES;
				"CODE_SIGN_IDENTITY[sdk=iphoneos*]" = "iPhone Developer";
				COPY_PHASE_STRIP = NO;
				GCC_C_LANGUAGE_STANDARD = gnu99;
				GCC_DYNAMIC_NO_PIC = NO;
				GCC_OPTIMIZATION_LEVEL = 0;
				GCC_PREPROCESSOR_DEFINITIONS = (
					"DEBUG=1",
					"$(inherited)",
				);
				GCC_SYMBOLS_PRIVATE_EXTERN = NO;
				GCC_WARN_64_TO_32_BIT_CONVERSION = YES;
				GCC_WARN_ABOUT_RETURN_TYPE = YES_ERROR;
				GCC_WARN_UNDECLARED_SELECTOR = YES;
				GCC_WARN_UNINITIALIZED_AUTOS = YES_AGGRESSIVE;
				GCC_WARN_UNUSED_FUNCTION = YES;
				GCC_WARN_UNUSED_VARIABLE = YES;
				IPHONEOS_DEPLOYMENT_TARGET = 7.1;
				ONLY_ACTIVE_ARCH = YES;
				SDKROOT = iphoneos;
				TARGETED_DEVICE_FAMILY = "1,2";
			};
			name = Debug;
		};
		EAB9F29C195093AA008141D3 /* Release */ = {
			isa = XCBuildConfiguration;
			buildSettings = {
				ALWAYS_SEARCH_USER_PATHS = NO;
				CLANG_CXX_LANGUAGE_STANDARD = "gnu++0x";
				CLANG_CXX_LIBRARY = "libc++";
				CLANG_ENABLE_MODULES = YES;
				CLANG_ENABLE_OBJC_ARC = YES;
				CLANG_WARN_BOOL_CONVERSION = YES;
				CLANG_WARN_CONSTANT_CONVERSION = YES;
				CLANG_WARN_DIRECT_OBJC_ISA_USAGE = YES_ERROR;
				CLANG_WARN_EMPTY_BODY = YES;
				CLANG_WARN_ENUM_CONVERSION = YES;
				CLANG_WARN_INT_CONVERSION = YES;
				CLANG_WARN_OBJC_ROOT_CLASS = YES_ERROR;
				CLANG_WARN__DUPLICATE_METHOD_MATCH = YES;
				"CODE_SIGN_IDENTITY[sdk=iphoneos*]" = "iPhone Developer";
				COPY_PHASE_STRIP = YES;
				ENABLE_NS_ASSERTIONS = NO;
				GCC_C_LANGUAGE_STANDARD = gnu99;
				GCC_WARN_64_TO_32_BIT_CONVERSION = YES;
				GCC_WARN_ABOUT_RETURN_TYPE = YES_ERROR;
				GCC_WARN_UNDECLARED_SELECTOR = YES;
				GCC_WARN_UNINITIALIZED_AUTOS = YES_AGGRESSIVE;
				GCC_WARN_UNUSED_FUNCTION = YES;
				GCC_WARN_UNUSED_VARIABLE = YES;
				IPHONEOS_DEPLOYMENT_TARGET = 7.1;
				SDKROOT = iphoneos;
				TARGETED_DEVICE_FAMILY = "1,2";
				VALIDATE_PRODUCT = YES;
			};
			name = Release;
		};
		EAB9F29E195093AA008141D3 /* Debug */ = {
			isa = XCBuildConfiguration;
			buildSettings = {
				ASSETCATALOG_COMPILER_APPICON_NAME = AppIcon;
				ASSETCATALOG_COMPILER_LAUNCHIMAGE_NAME = LaunchImage;
				GCC_PRECOMPILE_PREFIX_HEADER = YES;
				GCC_PREFIX_HEADER = "SecondLecture/SecondLecture-Prefix.pch";
				INFOPLIST_FILE = "SecondLecture/SecondLecture-Info.plist";
				PRODUCT_NAME = "$(TARGET_NAME)";
				WRAPPER_EXTENSION = app;
			};
			name = Debug;
		};
		EAB9F29F195093AA008141D3 /* Release */ = {
			isa = XCBuildConfiguration;
			buildSettings = {
				ASSETCATALOG_COMPILER_APPICON_NAME = AppIcon;
				ASSETCATALOG_COMPILER_LAUNCHIMAGE_NAME = LaunchImage;
				GCC_PRECOMPILE_PREFIX_HEADER = YES;
				GCC_PREFIX_HEADER = "SecondLecture/SecondLecture-Prefix.pch";
				INFOPLIST_FILE = "SecondLecture/SecondLecture-Info.plist";
				PRODUCT_NAME = "$(TARGET_NAME)";
				WRAPPER_EXTENSION = app;
			};
			name = Release;
		};
		EAB9F2A1195093AA008141D3 /* Debug */ = {
			isa = XCBuildConfiguration;
			buildSettings = {
				BUNDLE_LOADER = "$(BUILT_PRODUCTS_DIR)/SecondLecture.app/SecondLecture";
				FRAMEWORK_SEARCH_PATHS = (
					"$(SDKROOT)/Developer/Library/Frameworks",
					"$(inherited)",
					"$(DEVELOPER_FRAMEWORKS_DIR)",
				);
				GCC_PRECOMPILE_PREFIX_HEADER = YES;
				GCC_PREFIX_HEADER = "SecondLecture/SecondLecture-Prefix.pch";
				GCC_PREPROCESSOR_DEFINITIONS = (
					"DEBUG=1",
					"$(inherited)",
				);
				INFOPLIST_FILE = "SecondLectureTests/SecondLectureTests-Info.plist";
				PRODUCT_NAME = "$(TARGET_NAME)";
				TEST_HOST = "$(BUNDLE_LOADER)";
				WRAPPER_EXTENSION = xctest;
			};
			name = Debug;
		};
		EAB9F2A2195093AA008141D3 /* Release */ = {
			isa = XCBuildConfiguration;
			buildSettings = {
				BUNDLE_LOADER = "$(BUILT_PRODUCTS_DIR)/SecondLecture.app/SecondLecture";
				FRAMEWORK_SEARCH_PATHS = (
					"$(SDKROOT)/Developer/Library/Frameworks",
					"$(inherited)",
					"$(DEVELOPER_FRAMEWORKS_DIR)",
				);
				GCC_PRECOMPILE_PREFIX_HEADER = YES;
				GCC_PREFIX_HEADER = "SecondLecture/SecondLecture-Prefix.pch";
				INFOPLIST_FILE = "SecondLectureTests/SecondLectureTests-Info.plist";
				PRODUCT_NAME = "$(TARGET_NAME)";
				TEST_HOST = "$(BUNDLE_LOADER)";
				WRAPPER_EXTENSION = xctest;
			};
			name = Release;
		};
/* End XCBuildConfiguration section */

/* Begin XCConfigurationList section */
		EAB9F263195093A9008141D3 /* Build configuration list for PBXProject "SecondLecture" */ = {
			isa = XCConfigurationList;
			buildConfigurations = (
				EAB9F29B195093AA008141D3 /* Debug */,
				EAB9F29C195093AA008141D3 /* Release */,
			);
			defaultConfigurationIsVisible = 0;
			defaultConfigurationName = Release;
		};
		EAB9F29D195093AA008141D3 /* Build configuration list for PBXNativeTarget "SecondLecture" */ = {
			isa = XCConfigurationList;
			buildConfigurations = (
				EAB9F29E195093AA008141D3 /* Debug */,
				EAB9F29F195093AA008141D3 /* Release */,
			);
			defaultConfigurationIsVisible = 0;
		};
		EAB9F2A0195093AA008141D3 /* Build configuration list for PBXNativeTarget "SecondLectureTests" */ = {
			isa = XCConfigurationList;
			buildConfigurations = (
				EAB9F2A1195093AA008141D3 /* Debug */,
				EAB9F2A2195093AA008141D3 /* Release */,
			);
			defaultConfigurationIsVisible = 0;
		};
/* End XCConfigurationList section */
	};
	rootObject = EAB9F260195093A9008141D3 /* Project object */;
}
